
Microsoft Visual Studio Solution File, Format Version 12.00
# Visual Studio Version 17
VisualStudioVersion = 17.10.35013.160
MinimumVisualStudioVersion = 10.0.40219.1
Project("{FAE04EC0-301F-11D3-BF4B-00C04F79EFBC}") = "ShirmpPondSimulator", "ShirmpPondSimulator\ShirmpPondSimulator.csproj", "{964416DA-9D37-4500-9CA6-4368830D7F28}"
EndProject
Global
	GlobalSection(SolutionConfigurationPlatforms) = preSolution
		Debug|Any CPU = Debug|Any CPU
		Release|Any CPU = Release|Any CPU
	EndGlobalSection
	GlobalSection(ProjectConfigurationPlatforms) = postSolution
		{964416DA-9D37-4500-9CA6-4368830D7F28}.Debug|Any CPU.ActiveCfg = Debug|Any CPU
		{964416DA-9D37-4500-9CA6-4368830D7F28}.Debug|Any CPU.Build.0 = Debug|Any CPU
		{964416DA-9D37-4500-9CA6-4368830D7F28}.Release|Any CPU.ActiveCfg = Release|Any CPU
		{964416DA-9D37-4500-9CA6-4368830D7F28}.Release|Any CPU.Build.0 = Release|Any CPU
	EndGlobalSection
	GlobalSection(SolutionProperties) = preSolution
		HideSolutionNode = FALSE
	EndGlobalSection
	GlobalSection(ExtensibilityGlobals) = postSolution
		SolutionGuid = {6ED19232-E525-40F9-8BD0-1157A70E6C0A}
	EndGlobalSection
EndGlobal
